
Microsoft Visual Studio Solution File, Format Version 12.00
# Visual Studio Version 16
VisualStudioVersion = 16.0.29911.84
MinimumVisualStudioVersion = 10.0.40219.1
Project("{FAE04EC0-301F-11D3-BF4B-00C04F79EFBC}") = "TARpv19", "TARpv19\TARpv19.csproj", "{5D1C4220-9738-4736-9657-88DCEB12F5B9}"
EndProject
Global
	GlobalSection(SolutionConfigurationPlatforms) = preSolution
		Debug|Any CPU = Debug|Any CPU
		Release|Any CPU = Release|Any CPU
	EndGlobalSection
	GlobalSection(ProjectConfigurationPlatforms) = postSolution
		{5D1C4220-9738-4736-9657-88DCEB12F5B9}.Debug|Any CPU.ActiveCfg = Debug|Any CPU
		{5D1C4220-9738-4736-9657-88DCEB12F5B9}.Debug|Any CPU.Build.0 = Debug|Any CPU
		{5D1C4220-9738-4736-9657-88DCEB12F5B9}.Release|Any CPU.ActiveCfg = Release|Any CPU
		{5D1C4220-9738-4736-9657-88DCEB12F5B9}.Release|Any CPU.Build.0 = Release|Any CPU
	EndGlobalSection
	GlobalSection(SolutionProperties) = preSolution
		HideSolutionNode = FALSE
	EndGlobalSection
	GlobalSection(ExtensibilityGlobals) = postSolution
		SolutionGuid = {FB22EB3C-A135-4C4A-9ABF-91F9D38204DA}
	EndGlobalSection
EndGlobal
